
Microsoft Visual Studio Solution File, Format Version 12.00
# Visual Studio Version 16
VisualStudioVersion = 16.0.30503.244
MinimumVisualStudioVersion = 10.0.40219.1
Project("{FAE04EC0-301F-11D3-BF4B-00C04F79EFBC}") = "CleanBlog.Web", "CleanBlog.Web\CleanBlog.Web.csproj", "{ACDE3D2A-1B10-4C6C-9DE5-C8B8B758D822}"
EndProject
Global
	GlobalSection(SolutionConfigurationPlatforms) = preSolution
		Debug|Any CPU = Debug|Any CPU
		Release|Any CPU = Release|Any CPU
	EndGlobalSection
	GlobalSection(ProjectConfigurationPlatforms) = postSolution
		{ACDE3D2A-1B10-4C6C-9DE5-C8B8B758D822}.Debug|Any CPU.ActiveCfg = Debug|Any CPU
		{ACDE3D2A-1B10-4C6C-9DE5-C8B8B758D822}.Debug|Any CPU.Build.0 = Debug|Any CPU
		{ACDE3D2A-1B10-4C6C-9DE5-C8B8B758D822}.Release|Any CPU.ActiveCfg = Release|Any CPU
		{ACDE3D2A-1B10-4C6C-9DE5-C8B8B758D822}.Release|Any CPU.Build.0 = Release|Any CPU
	EndGlobalSection
	GlobalSection(SolutionProperties) = preSolution
		HideSolutionNode = FALSE
	EndGlobalSection
	GlobalSection(ExtensibilityGlobals) = postSolution
		SolutionGuid = {66F76DE2-45EC-45B1-8965-A8B5928A96BA}
	EndGlobalSection
EndGlobal
